
Microsoft Visual Studio Solution File, Format Version 12.00
# Visual Studio Version 17
VisualStudioVersion = 17.2.32526.322
MinimumVisualStudioVersion = 10.0.40219.1
Project("{FAE04EC0-301F-11D3-BF4B-00C04F79EFBC}") = "LayoutMVC", "LayoutMVC\LayoutMVC.csproj", "{B0E610E8-FB40-490E-A2E3-D392AEC04D37}"
EndProject
Global
	GlobalSection(SolutionConfigurationPlatforms) = preSolution
		Debug|Any CPU = Debug|Any CPU
		Release|Any CPU = Release|Any CPU
	EndGlobalSection
	GlobalSection(ProjectConfigurationPlatforms) = postSolution
		{B0E610E8-FB40-490E-A2E3-D392AEC04D37}.Debug|Any CPU.ActiveCfg = Debug|Any CPU
		{B0E610E8-FB40-490E-A2E3-D392AEC04D37}.Debug|Any CPU.Build.0 = Debug|Any CPU
		{B0E610E8-FB40-490E-A2E3-D392AEC04D37}.Release|Any CPU.ActiveCfg = Release|Any CPU
		{B0E610E8-FB40-490E-A2E3-D392AEC04D37}.Release|Any CPU.Build.0 = Release|Any CPU
	EndGlobalSection
	GlobalSection(SolutionProperties) = preSolution
		HideSolutionNode = FALSE
	EndGlobalSection
	GlobalSection(ExtensibilityGlobals) = postSolution
		SolutionGuid = {3E93D294-4203-4FB8-9F81-423F75A665EC}
	EndGlobalSection
EndGlobal
